
Microsoft Visual Studio Solution File, Format Version 12.00
# Visual Studio 14
VisualStudioVersion = 14.0.25420.1
MinimumVisualStudioVersion = 10.0.40219.1
Project("{2150E333-8FDC-42A3-9474-1A3956D46DE8}") = "src", "src", "{88E1B1CB-6645-4035-91EA-67F714076104}"
EndProject
Project("{2150E333-8FDC-42A3-9474-1A3956D46DE8}") = "Solution Items", "Solution Items", "{B9A6A74D-7273-4409-8433-016CD0960767}"
	ProjectSection(SolutionItems) = preProject
		global.json = global.json
	EndProjectSection
EndProject
Project("{8BB2217D-0F2D-49D1-97BC-3654ED321F3B}") = "PagedList.Core.Mvc.Example", "src\PagedList.Core.Mvc.Example\PagedList.Core.Mvc.Example.xproj", "{744C466A-1344-49B7-88C3-C53378155B68}"
EndProject
Project("{8BB2217D-0F2D-49D1-97BC-3654ED321F3B}") = "PagedList.Core.Mvc", "src\PagedList.Core.Mvc\PagedList.Core.Mvc.xproj", "{A06991AB-69A7-48E6-9536-C35C066818FF}"
EndProject
Global
	GlobalSection(SolutionConfigurationPlatforms) = preSolution
		Debug|Any CPU = Debug|Any CPU
		Release|Any CPU = Release|Any CPU
	EndGlobalSection
	GlobalSection(ProjectConfigurationPlatforms) = postSolution
		{744C466A-1344-49B7-88C3-C53378155B68}.Debug|Any CPU.ActiveCfg = Debug|Any CPU
		{744C466A-1344-49B7-88C3-C53378155B68}.Debug|Any CPU.Build.0 = Debug|Any CPU
		{744C466A-1344-49B7-88C3-C53378155B68}.Release|Any CPU.ActiveCfg = Release|Any CPU
		{744C466A-1344-49B7-88C3-C53378155B68}.Release|Any CPU.Build.0 = Release|Any CPU
		{A06991AB-69A7-48E6-9536-C35C066818FF}.Debug|Any CPU.ActiveCfg = Debug|Any CPU
		{A06991AB-69A7-48E6-9536-C35C066818FF}.Debug|Any CPU.Build.0 = Debug|Any CPU
		{A06991AB-69A7-48E6-9536-C35C066818FF}.Release|Any CPU.ActiveCfg = Release|Any CPU
		{A06991AB-69A7-48E6-9536-C35C066818FF}.Release|Any CPU.Build.0 = Release|Any CPU
	EndGlobalSection
	GlobalSection(SolutionProperties) = preSolution
		HideSolutionNode = FALSE
	EndGlobalSection
	GlobalSection(NestedProjects) = preSolution
		{744C466A-1344-49B7-88C3-C53378155B68} = {88E1B1CB-6645-4035-91EA-67F714076104}
		{A06991AB-69A7-48E6-9536-C35C066818FF} = {88E1B1CB-6645-4035-91EA-67F714076104}
	EndGlobalSection
EndGlobal
